# THIS IS AN AUTOGENERATED FILE. DO NOT EDIT THIS FILE DIRECTLY.
# yarn lockfile v1


"@lit/reactive-element@^1.3.0":
  version "1.3.1"
  resolved "https://registry.yarnpkg.com/@lit/reactive-element/-/reactive-element-1.3.1.tgz#3021ad0fa30a75a41212c5e7f1f169c5762ef8bb"
  integrity sha512-nOJARIr3pReqK3hfFCSW2Zg/kFcFsSAlIE7z4a0C9D2dPrgD/YSn3ZP2ET/rxKB65SXyG7jJbkynBRm+tGlacw==

"@polymer/font-roboto@^3.0.1":
  version "3.0.2"
  resolved "https://registry.yarnpkg.com/@polymer/font-roboto/-/font-roboto-3.0.2.tgz#80cdaa7225db2359130dfb2c6d9a3be1820020c3"
  integrity sha512-tx5TauYSmzsIvmSqepUPDYbs4/Ejz2XbZ1IkD7JEGqkdNUJlh+9KU85G56Tfdk/xjEZ8zorFfN09OSwiMrIQWA==

"@polymer/iron-a11y-announcer@^3.0.0", "@polymer/iron-a11y-announcer@^3.0.0-pre.26":
  version "3.2.0"
  resolved "https://registry.yarnpkg.com/@polymer/iron-a11y-announcer/-/iron-a11y-announcer-3.2.0.tgz#d04b1301413d473336cc5797dfd97b3b36dd0cd7"
  integrity sha512-We+hyaFHcg7Ke8ovsoxUpYEXFIJLHxMCDaLehTB4dELS+C+K0zMnGSiqQvb/YzGS+nSYpAfkQIyg1msOCdHMtA==
  dependencies:
    "@polymer/polymer" "^3.0.0"

"@polymer/iron-a11y-keys-behavior@^3.0.0", "@polymer/iron-a11y-keys-behavior@^3.0.0-pre.26":
  version "3.0.1"
  resolved "https://registry.yarnpkg.com/@polymer/iron-a11y-keys-behavior/-/iron-a11y-keys-behavior-3.0.1.tgz#2868ea72912d2007ffab4734684a91f5aac49b84"
  integrity sha512-lnrjKq3ysbBPT/74l0Fj0U9H9C35Tpw2C/tpJ8a+5g8Y3YJs1WSZYnEl1yOkw6sEyaxOq/1DkzH0+60gGu5/PQ==
  dependencies:
    "@polymer/polymer" "^3.0.0"

"@polymer/iron-autogrow-textarea@^3.0.0-pre.26":
  version "3.0.3"
  resolved "https://registry.yarnpkg.com/@polymer/iron-autogrow-textarea/-/iron-autogrow-textarea-3.0.3.tgz#b75dbebc23ce47d428a26156709d4a8a4c05823e"
  integrity sha512-5r0VkWrIlm0JIp5E5wlnvkw7slK72lFRZXncmrsLZF+6n1dg2rI8jt7xpFzSmUWrqpcyXwyKaGaDvUjl3j4JLA==
  dependencies:
    "@polymer/iron-behaviors" "^3.0.0-pre.26"
    "@polymer/iron-flex-layout" "^3.0.0-pre.26"
    "@polymer/iron-validatable-behavior" "^3.0.0-pre.26"
    "@polymer/polymer" "^3.0.0"

"@polymer/iron-behaviors@^3.0.0-pre.26":
  version "3.0.1"
  resolved "https://registry.yarnpkg.com/@polymer/iron-behaviors/-/iron-behaviors-3.0.1.tgz#a3b6f876779a7f0a91a15e4423890968b6525901"
  integrity sha512-IMEwcv1lhf1HSQxuyWOUIL0lOBwmeaoSTpgCJeP9IBYnuB1SPQngmfRuHKgK6/m9LQ9F9miC7p3HeQQUdKAE0w==
  dependencies:
    "@polymer/iron-a11y-keys-behavior" "^3.0.0-pre.26"
    "@polymer/polymer" "^3.0.0"

"@polymer/iron-fit-behavior@^3.0.0-pre.26":
  version "3.1.0"
  resolved "https://registry.yarnpkg.com/@polymer/iron-fit-behavior/-/iron-fit-behavior-3.1.0.tgz#8197a61e0ce2234e9bf8fbd7a1ae53d1a06026b0"
  integrity sha512-ABcgIYqrjhmUT8tiuolqeGttF/8pd3sEymUDrO1vXbZu4FWIvoLNndrMDFvs++AGd12Mjf5pYy84NJc6dB8Vig==
  dependencies:
    "@polymer/polymer" "^3.0.0"

"@polymer/iron-flex-layout@^3.0.0-pre.26":
  version "3.0.1"
  resolved "https://registry.yarnpkg.com/@polymer/iron-flex-layout/-/iron-flex-layout-3.0.1.tgz#36f9e1a8eb792d279b2bc75d362628721ad37f0c"
  integrity sha512-7gB869czArF+HZcPTVSgvA7tXYFze9EKckvM95NB7SqYF+NnsQyhoXgKnpFwGyo95lUjUW9TFDLUwDXnCYFtkw==
  dependencies:
    "@polymer/polymer" "^3.0.0"

"@polymer/iron-form-element-behavior@^3.0.0-pre.26":
  version "3.0.1"
  resolved "https://registry.yarnpkg.com/@polymer/iron-form-element-behavior/-/iron-form-element-behavior-3.0.1.tgz#4c79e1981d7796ce659e997f3b8f5e14b4a075a4"
  integrity sha512-G/e2KXyL5AY7mMjmomHkGpgS0uAf4ovNpKhkuUTRnMuMJuf589bKqE85KN4ovE1Tzhv2hJoh/igyD6ekHiYU1A==
  dependencies:
    "@polymer/polymer" "^3.0.0"

"@polymer/iron-icon@^3.0.0":
  version "3.0.1"
  resolved "https://registry.yarnpkg.com/@polymer/iron-icon/-/iron-icon-3.0.1.tgz#93211c39d8825fe4965a68419566036c1df291eb"
  integrity sha512-QLPwirk+UPZNaLnMew9VludXA4CWUCenRewgEcGYwdzVgDPCDbXxy6vRJjmweZobMQv/oVLppT2JZtJFnPxX6g==
  dependencies:
    "@polymer/iron-flex-layout" "^3.0.0-pre.26"
    "@polymer/iron-meta" "^3.0.0-pre.26"
    "@polymer/polymer" "^3.0.0"

"@polymer/iron-iconset-svg@^3.0.0":
  version "3.0.1"
  resolved "https://registry.yarnpkg.com/@polymer/iron-iconset-svg/-/iron-iconset-svg-3.0.1.tgz#568d6e7dbc120299dae63be3600aeba0d30ddbea"
  integrity sha512-XNwURbNHRw6u2fJe05O5fMYye6GSgDlDqCO+q6K1zAnKIrpgZwf2vTkBd5uCcZwsN0FyCB3mvNZx4jkh85dRDw==
  dependencies:
    "@polymer/iron-meta" "^3.0.0-pre.26"
    "@polymer/polymer" "^3.0.0"

"@polymer/iron-input@^3.0.0-pre.26":
  version "3.0.1"
  resolved "https://registry.yarnpkg.com/@polymer/iron-input/-/iron-input-3.0.1.tgz#dc866a25107f9b38d9ca4512dd9a3e51b78b4915"
  integrity sha512-WLx13kEcbH9GKbj9+pWR6pbJkA5kxn3796ynx6eQd2rueMyUfVTR3GzOvadBKsciUuIuzrxpBWZ2+3UcueVUQQ==
  dependencies:
    "@polymer/iron-a11y-announcer" "^3.0.0-pre.26"
    "@polymer/iron-validatable-behavior" "^3.0.0-pre.26"
    "@polymer/polymer" "^3.0.0"

"@polymer/iron-media-query@^3.0.0":
  version "3.0.1"
  resolved "https://registry.yarnpkg.com/@polymer/iron-media-query/-/iron-media-query-3.0.1.tgz#5cd8a1c1e8c9b8bafd3dd5da14e0f8d2cfa76d83"
  integrity sha512-czUX1pm1zfmfcZtq5J57XFkcobBv08Y50exp0/3v8Bos5VL/jv2tU0RwiTfDBxUMhjicGbgwEBFQPY2V5DMzyw==
  dependencies:
    "@polymer/polymer" "^3.0.0"

"@polymer/iron-meta@^3.0.0-pre.26":
  version "3.0.1"
  resolved "https://registry.yarnpkg.com/@polymer/iron-meta/-/iron-meta-3.0.1.tgz#7f140628d127b0a284f882f1bb323a261bc125f5"
  integrity sha512-pWguPugiLYmWFV9UWxLWzZ6gm4wBwQdDy4VULKwdHCqR7OP7u98h+XDdGZsSlDPv6qoryV/e3tGHlTIT0mbzJA==
  dependencies:
    "@polymer/polymer" "^3.0.0"

"@polymer/iron-overlay-behavior@^3.x":
  version "3.0.3"
  resolved "https://registry.yarnpkg.com/@polymer/iron-overlay-behavior/-/iron-overlay-behavior-3.0.3.tgz#29c198e19e05bb2bcf7d86d3c11848cb93301d00"
  integrity sha512-Q/Fp0+uOQQ145ebZ7T8Cxl4m1tUKYjyymkjcL2rXUm+aDQGb1wA1M1LYxUF5YBqd+9lipE0PTIiYwA2ZL/sznA==
  dependencies:
    "@polymer/iron-a11y-keys-behavior" "^3.0.0-pre.26"
    "@polymer/iron-fit-behavior" "^3.0.0-pre.26"
    "@polymer/iron-resizable-behavior" "^3.0.0-pre.26"
    "@polymer/polymer" "^3.0.0"

"@polymer/iron-resizable-behavior@^3.0.0", "@polymer/iron-resizable-behavior@^3.0.0-pre.26":
  version "3.0.1"
  resolved "https://registry.yarnpkg.com/@polymer/iron-resizable-behavior/-/iron-resizable-behavior-3.0.1.tgz#e284348ed7c1c7e263f7039297532fa954025ea2"
  integrity sha512-FyHxRxFspVoRaeZSWpT3y0C9awomb4tXXolIJcZ7RvXhMP632V5lez+ch5G5SwK0LpnAPkg35eB0LPMFv+YMMQ==
  dependencies:
    "@polymer/polymer" "^3.0.0"

"@polymer/iron-validatable-behavior@^3.0.0-pre.26":
  version "3.0.1"
  resolved "https://registry.yarnpkg.com/@polymer/iron-validatable-behavior/-/iron-validatable-behavior-3.0.1.tgz#73538f005a07741c31b6fc1e981168c3d3e0d92b"
  integrity sha512-wwpYh6wOa4fNI+jH5EYKC7TVPYQ2OfgQqocWat7GsNWcsblKYhLYbwsvEY5nO0n2xKqNfZzDLrUom5INJN7msQ==
  dependencies:
    "@polymer/iron-meta" "^3.0.0-pre.26"
    "@polymer/polymer" "^3.0.0"

"@polymer/paper-input@^3.x":
  version "3.2.1"
  resolved "https://registry.yarnpkg.com/@polymer/paper-input/-/paper-input-3.2.1.tgz#0fd0d30de3b43ba7d2c8d5d76f870d257b667ebf"
  integrity sha512-6ghgwQKM6mS0hAQxQqj+tkeEY1VUBqAsrasAm8V5RpNcfSWQC/hhRFxU0beGuKTAhndzezDzWYP6Zz4b8fExGg==
  dependencies:
    "@polymer/iron-a11y-keys-behavior" "^3.0.0-pre.26"
    "@polymer/iron-autogrow-textarea" "^3.0.0-pre.26"
    "@polymer/iron-behaviors" "^3.0.0-pre.26"
    "@polymer/iron-form-element-behavior" "^3.0.0-pre.26"
    "@polymer/iron-input" "^3.0.0-pre.26"
    "@polymer/paper-styles" "^3.0.0-pre.26"
    "@polymer/polymer" "^3.0.0"

"@polymer/paper-styles@^3.0.0-pre.26":
  version "3.0.1"
  resolved "https://registry.yarnpkg.com/@polymer/paper-styles/-/paper-styles-3.0.1.tgz#bd4962b83ab8432cd1cf197bb5222d3a08f135e1"
  integrity sha512-y6hmObLqlCx602TQiSBKHqjwkE7xmDiFkoxdYGaNjtv4xcysOTdVJsDR/R9UHwIaxJ7gHlthMSykir1nv78++g==
  dependencies:
    "@polymer/font-roboto" "^3.0.1"
    "@polymer/iron-flex-layout" "^3.0.0-pre.26"
    "@polymer/polymer" "^3.0.0"

"@polymer/polymer@^3.0.0", "@polymer/polymer@^3.x":
  version "3.4.1"
  resolved "https://registry.yarnpkg.com/@polymer/polymer/-/polymer-3.4.1.tgz#333bef25711f8411bb5624fb3eba8212ef8bee96"
  integrity sha512-KPWnhDZibtqKrUz7enIPOiO4ZQoJNOuLwqrhV2MXzIt3VVnUVJVG5ORz4Z2sgO+UZ+/UZnPD0jqY+jmw/+a9mQ==
  dependencies:
    "@webcomponents/shadycss" "^1.9.1"

"@toconline/casper-date-picker@^2.x":
  version "2.0.5"
  resolved "https://npm.pkg.github.com/download/@toconline/casper-date-picker/2.0.5/ec2ac8a1b6d85cf8b160009ed797f73e4c813827#ec2ac8a1b6d85cf8b160009ed797f73e4c813827"
  integrity sha512-pZCV62EgcAx6oHZrFA5p6LfvvelLKhClIGnHbnMm+TMd7gHsEZfaKIJ2IwJwQbKZAH7IkKxK5WPKuL29bSej1Q==
  dependencies:
    "@polymer/paper-input" "^3.x"
    "@polymer/polymer" "^3.x"
    "@toconline/casper-icons" "^3.x"
    "@toconline/casper-overlay-behavior" "^1.x"
    "@vaadin/vaadin-date-picker" "^4.x"
    moment "^2.x"

"@toconline/casper-icons@^3.x":
  version "3.2.6"
  resolved "https://npm.pkg.github.com/download/@toconline/casper-icons/3.2.6/157a96d60ac922bbc38294b02c1de2b7617e4f36#157a96d60ac922bbc38294b02c1de2b7617e4f36"
  integrity sha512-zl1H4WLCQP7poxEi5Uq1ZAY1EmbGUlAh0QoTloZ7f8ErVKg66/Q70GkgRuL7jnCySa7TWwOxj2wtHktuouksUw==
  dependencies:
    ink-ripple alex-saunders/ink-ripple
    lit "^2.x"

"@toconline/casper-overlay-behavior@^1.x":
  version "1.0.0"
  resolved "https://npm.pkg.github.com/download/@toconline/casper-overlay-behavior/1.0.0/33f484114b22907403eb95902e3b1be7f56a14d8#33f484114b22907403eb95902e3b1be7f56a14d8"
  integrity sha512-bbkOQv8a0rJcjRw0YJBHilBs87nY6BGvIvp16lJPqsMYktr9teaNwLlxhnDw82o8ZfWfUFks9GOjYSoO4P8HYg==
  dependencies:
    "@polymer/iron-overlay-behavior" "^3.x"

"@types/trusted-types@^2.0.2":
  version "2.0.2"
  resolved "https://registry.yarnpkg.com/@types/trusted-types/-/trusted-types-2.0.2.tgz#fc25ad9943bcac11cceb8168db4f275e0e72e756"
  integrity sha512-F5DIZ36YVLE+PN+Zwws4kJogq47hNgX3Nx6WyDJ3kcplxyke3XIzB8uK5n/Lpm1HBsbGzd6nmGehL8cPekP+Tg==

"@vaadin/vaadin-button@^2.4.0":
  version "2.4.0"
  resolved "https://registry.yarnpkg.com/@vaadin/vaadin-button/-/vaadin-button-2.4.0.tgz#ecbdd0bf57d9992ec861ee912af0b78315ce5993"
  integrity sha512-C94F07OOb5Ciq2BY4CklIQG+WJFA6QoTFDQl8JJloJgPI12b9kmyP8uRgfq4VAHHusqKqIvA8AB6VZuGg5lagg==
  dependencies:
    "@polymer/polymer" "^3.0.0"
    "@vaadin/vaadin-control-state-mixin" "^2.2.1"
    "@vaadin/vaadin-element-mixin" "^2.4.1"
    "@vaadin/vaadin-lumo-styles" "^1.3.3"
    "@vaadin/vaadin-material-styles" "^1.2.0"
    "@vaadin/vaadin-themable-mixin" "^1.6.1"

"@vaadin/vaadin-control-state-mixin@^2.2.1", "@vaadin/vaadin-control-state-mixin@^2.2.2":
  version "2.2.6"
  resolved "https://registry.yarnpkg.com/@vaadin/vaadin-control-state-mixin/-/vaadin-control-state-mixin-2.2.6.tgz#b568b63096211f132d4ba47d2ab045ee43f4f48d"
  integrity sha512-3edQSooBoHVC3RexL6hi3/26HMGvG1jlxLq6ffH9c+GapuZ9zh6E2KyZa/Sz1jmLZwfZII7exgwkHhEYUZZrJA==
  dependencies:
    "@polymer/polymer" "^3.0.0"

"@vaadin/vaadin-date-picker@^4.x":
  version "4.4.2"
  resolved "https://registry.yarnpkg.com/@vaadin/vaadin-date-picker/-/vaadin-date-picker-4.4.2.tgz#a4bd273351ccfcd0608a31b16a6d4cc248b82299"
  integrity sha512-QvbdDDZN/v1YpO93DX13AcWzDd1nMbXr3PUIVmmmxfsUTEacOJ00UFhzrMOM9uq53vzPBOwzDrT2h5q5bmshYQ==
  dependencies:
    "@polymer/iron-a11y-announcer" "^3.0.0"
    "@polymer/iron-a11y-keys-behavior" "^3.0.0"
    "@polymer/iron-media-query" "^3.0.0"
    "@polymer/iron-resizable-behavior" "^3.0.0"
    "@polymer/polymer" "^3.0.0"
    "@vaadin/vaadin-button" "^2.4.0"
    "@vaadin/vaadin-control-state-mixin" "^2.2.2"
    "@vaadin/vaadin-element-mixin" "^2.4.1"
    "@vaadin/vaadin-lumo-styles" "^1.6.0"
    "@vaadin/vaadin-material-styles" "^1.3.2"
    "@vaadin/vaadin-overlay" "^3.5.0"
    "@vaadin/vaadin-text-field" "^2.8.0"
    "@vaadin/vaadin-themable-mixin" "^1.6.1"

"@vaadin/vaadin-development-mode-detector@^2.0.0":
  version "2.0.5"
  resolved "https://registry.yarnpkg.com/@vaadin/vaadin-development-mode-detector/-/vaadin-development-mode-detector-2.0.5.tgz#5098216dae30d8eeabe46c7cbe494a352fe09691"
  integrity sha512-miirBQw10UHjKwRv29iZniXCo41cLg3wFotoyTeUZ2PTGIDk/fZVFr4Q4WVKZrp3D15878vz94nNQROSmPLjdg==

"@vaadin/vaadin-element-mixin@^2.4.0", "@vaadin/vaadin-element-mixin@^2.4.1":
  version "2.4.2"
  resolved "https://registry.yarnpkg.com/@vaadin/vaadin-element-mixin/-/vaadin-element-mixin-2.4.2.tgz#3c8040a8e756bc274b7777723b1fba2b9895cd41"
  integrity sha512-VSDVK0XUsFe/RohpwSzQwgqb2Pwpok6sDNhIDS4CARr3HPhq2voMzT/FowFbkEy0J1hFtN/ZfC7tkv3kdEKKIQ==
  dependencies:
    "@polymer/polymer" "^3.0.0"
    "@vaadin/vaadin-development-mode-detector" "^2.0.0"
    "@vaadin/vaadin-usage-statistics" "^2.1.0"

"@vaadin/vaadin-lumo-styles@^1.3.0", "@vaadin/vaadin-lumo-styles@^1.3.3", "@vaadin/vaadin-lumo-styles@^1.6.0":
  version "1.6.1"
  resolved "https://registry.yarnpkg.com/@vaadin/vaadin-lumo-styles/-/vaadin-lumo-styles-1.6.1.tgz#2099227b0f646ead16f7289e704b6a793594bf5c"
  integrity sha512-Yh9ZcekpY7byXP1QJnfx94rVvK71xHBEspsVV7LL7YMvqXU4EAYuzQGYsljryV4PGS9PFPD6sqbGqhEkIhHPnQ==
  dependencies:
    "@polymer/iron-icon" "^3.0.0"
    "@polymer/iron-iconset-svg" "^3.0.0"
    "@polymer/polymer" "^3.0.0"

"@vaadin/vaadin-material-styles@^1.2.0", "@vaadin/vaadin-material-styles@^1.3.2":
  version "1.3.2"
  resolved "https://registry.yarnpkg.com/@vaadin/vaadin-material-styles/-/vaadin-material-styles-1.3.2.tgz#d2c1bd290db16721152ae672dbe052c381686696"
  integrity sha512-EFrvGScoxhLNrPnWtT2Ia77whjF2TD4jrcyeh1jv9joCA2n5SUba+4XJciVSGmopqqQato6lwRnZSvMLJX7cyw==
  dependencies:
    "@polymer/polymer" "^3.0.0"

"@vaadin/vaadin-overlay@^3.5.0":
  version "3.5.1"
  resolved "https://registry.yarnpkg.com/@vaadin/vaadin-overlay/-/vaadin-overlay-3.5.1.tgz#c4391b3c6c1f7a512b0a6f0dd96f11480feed402"
  integrity sha512-0g+poK/BXF92L2lSKrHMY5rcKzUxCBZNzP/NDwgi4a86nbjL7CAKKZdno7Yl+j8UsTR76nOEw4fAYTFi86B0qg==
  dependencies:
    "@polymer/polymer" "^3.0.0"
    "@vaadin/vaadin-element-mixin" "^2.4.0"
    "@vaadin/vaadin-lumo-styles" "^1.3.0"
    "@vaadin/vaadin-material-styles" "^1.2.0"
    "@vaadin/vaadin-themable-mixin" "^1.6.1"

"@vaadin/vaadin-text-field@^2.8.0":
  version "2.9.2"
  resolved "https://registry.yarnpkg.com/@vaadin/vaadin-text-field/-/vaadin-text-field-2.9.2.tgz#1a043321da733a3b1f3bddf5d91aaeef9e587c0b"
  integrity sha512-2srIvwE/zZBUeiuzkl6Ais7DRkSEFXRejgew3HTwbRNnPtQDaqHfMLcp8ijIkPHM4ZxHqi4gKuJrTL9acPCMTA==
  dependencies:
    "@polymer/polymer" "^3.0.0"
    "@vaadin/vaadin-control-state-mixin" "^2.2.1"
    "@vaadin/vaadin-element-mixin" "^2.4.1"
    "@vaadin/vaadin-lumo-styles" "^1.6.0"
    "@vaadin/vaadin-material-styles" "^1.3.2"
    "@vaadin/vaadin-themable-mixin" "^1.6.1"

"@vaadin/vaadin-themable-mixin@^1.6.1":
  version "1.6.2"
  resolved "https://registry.yarnpkg.com/@vaadin/vaadin-themable-mixin/-/vaadin-themable-mixin-1.6.2.tgz#8d619722819ba850af777579a550ff8b1d2b960f"
  integrity sha512-PZZOZnke3KUlZsDrRVbWxAGEeFBPRyRayNRCvip0XnQK+Zs3cLuRgdgbdro3Ir9LZ3Izsw6HqA6XNMKffEP67A==
  dependencies:
    "@polymer/polymer" "^3.0.0"
    lit-element "^2.0.0"

"@vaadin/vaadin-usage-statistics@^2.1.0":
  version "2.1.2"
  resolved "https://registry.yarnpkg.com/@vaadin/vaadin-usage-statistics/-/vaadin-usage-statistics-2.1.2.tgz#a0a211b298e647742b60c6d4d1d8834381e3c77f"
  integrity sha512-xKs1PvRfTXsG0eWWcImLXWjv7D+f1vfoIvovppv6pZ5QX8xgcxWUdNgERlOOdGt3CTuxQXukTBW3+Qfva+OXSg==
  dependencies:
    "@vaadin/vaadin-development-mode-detector" "^2.0.0"

"@webcomponents/shadycss@^1.9.1":
  version "1.11.0"
  resolved "https://registry.yarnpkg.com/@webcomponents/shadycss/-/shadycss-1.11.0.tgz#73e289996c002d8be694cd3be0e83c46ad25e7e0"
  integrity sha512-L5O/+UPum8erOleNjKq6k58GVl3fNsEQdSOyh0EUhNmi7tHUyRuCJy1uqJiWydWcLARE5IPsMoPYMZmUGrz1JA==

"ink-ripple@github:alex-saunders/ink-ripple":
  version "0.0.0"
  resolved "https://codeload.github.com/alex-saunders/ink-ripple/tar.gz/88e4d753bba9f7b57b372c62a4517bb091c7f713"

lit-element@^2.0.0:
  version "2.5.1"
  resolved "https://registry.yarnpkg.com/lit-element/-/lit-element-2.5.1.tgz#3fa74b121a6cd22902409ae3859b7847d01aa6b6"
  integrity sha512-ogu7PiJTA33bEK0xGu1dmaX5vhcRjBXCFexPja0e7P7jqLhTpNKYRPmE+GmiCaRVAbiQKGkUgkh/i6+bh++dPQ==
  dependencies:
    lit-html "^1.1.1"

lit-element@^3.2.0:
  version "3.2.0"
  resolved "https://registry.yarnpkg.com/lit-element/-/lit-element-3.2.0.tgz#9c981c55dfd9a8f124dc863edb62cc529d434db7"
  integrity sha512-HbE7yt2SnUtg5DCrWt028oaU4D5F4k/1cntAFHTkzY8ZIa8N0Wmu92PxSxucsQSOXlODFrICkQ5x/tEshKi13g==
  dependencies:
    "@lit/reactive-element" "^1.3.0"
    lit-html "^2.2.0"

lit-html@^1.1.1:
  version "1.4.1"
  resolved "https://registry.yarnpkg.com/lit-html/-/lit-html-1.4.1.tgz#0c6f3ee4ad4eb610a49831787f0478ad8e9ae5e0"
  integrity sha512-B9btcSgPYb1q4oSOb/PrOT6Z/H+r6xuNzfH4lFli/AWhYwdtrgQkQWBbIc6mdnf6E2IL3gDXdkkqNktpU0OZQA==

lit-html@^2.2.0:
  version "2.2.2"
  resolved "https://registry.yarnpkg.com/lit-html/-/lit-html-2.2.2.tgz#06ced65dd3fb2d7a214d998c65acc576ae2cb3c4"
  integrity sha512-cJofCRXuizwyaiGt9pJjJOcauezUlSB6t87VBXsPwRhbzF29MgD8GH6fZ0BuZdXAAC02IRONZBd//VPUuU8QbQ==
  dependencies:
    "@types/trusted-types" "^2.0.2"

lit@^2.x:
  version "2.2.2"
  resolved "https://registry.yarnpkg.com/lit/-/lit-2.2.2.tgz#b7f729d6ca7e17efbf2bf589df2d5eb04d9620ba"
  integrity sha512-eN3+2QRHn/erxYB88AXiiRgQA6RltE9MhzySCwX+ACOxA/MLWN3VdXvcbZD9PN09zmUwlgzDvW3T84YWj2Sa0A==
  dependencies:
    "@lit/reactive-element" "^1.3.0"
    lit-element "^3.2.0"
    lit-html "^2.2.0"

moment@^2.x:
  version "2.30.1"
  resolved "https://registry.yarnpkg.com/moment/-/moment-2.30.1.tgz#f8c91c07b7a786e30c59926df530b4eac96974ae"
  integrity sha512-uEmtNhbDOrWPFS+hdjFCBfy9f2YoyzRpwcl+DqpC6taX21FzsTLQVbMV/W7PzNSX6x/bhC1zA3c2UQ5NzH6how==
